
Microsoft Visual Studio Solution File, Format Version 12.00
# Visual Studio 15
VisualStudioVersion = 15.0.27703.2026
MinimumVisualStudioVersion = 10.0.40219.1
Project("{FAE04EC0-301F-11D3-BF4B-00C04F79EFBC}") = "AdminLteUi", "AdminLteUi\AdminLteUi.csproj", "{74FA7A35-247E-43D8-BF83-135DF330309C}"
EndProject
Project("{2150E333-8FDC-42A3-9474-1A3956D46DE8}") = "01 User Interface", "01 User Interface", "{67834643-D12C-4294-BF6A-724C265F098F}"
EndProject
Global
	GlobalSection(SolutionConfigurationPlatforms) = preSolution
		Debug|Any CPU = Debug|Any CPU
		Release|Any CPU = Release|Any CPU
	EndGlobalSection
	GlobalSection(ProjectConfigurationPlatforms) = postSolution
		{74FA7A35-247E-43D8-BF83-135DF330309C}.Debug|Any CPU.ActiveCfg = Debug|Any CPU
		{74FA7A35-247E-43D8-BF83-135DF330309C}.Debug|Any CPU.Build.0 = Debug|Any CPU
		{74FA7A35-247E-43D8-BF83-135DF330309C}.Release|Any CPU.ActiveCfg = Release|Any CPU
		{74FA7A35-247E-43D8-BF83-135DF330309C}.Release|Any CPU.Build.0 = Release|Any CPU
	EndGlobalSection
	GlobalSection(SolutionProperties) = preSolution
		HideSolutionNode = FALSE
	EndGlobalSection
	GlobalSection(NestedProjects) = preSolution
		{74FA7A35-247E-43D8-BF83-135DF330309C} = {67834643-D12C-4294-BF6A-724C265F098F}
	EndGlobalSection
	GlobalSection(ExtensibilityGlobals) = postSolution
		SolutionGuid = {A10505F9-A29C-4CA2-A739-D4C1208E6780}
	EndGlobalSection
EndGlobal
